<Solution>
  <Folder Name="/src/">
    <Project Path="src/Korp.Billing.Api/Korp.Billing.Api.csproj" Id="dc2711c4-c5a5-42b7-94a2-5caf48cb58d1" />
    <Project Path="src/Korp.Stock.Api/Korp.Stock.Api.csproj" />
  </Folder>
  <Folder Name="/tests/">
    <Project Path="tests/Korp.Stock.Tests/Korp.Stock.Tests.csproj" Id="15fe749f-6c55-482c-ab04-4fac96329b80" />
  </Folder>
</Solution>
